PODS:
  - MessageModule (0.1.8):
    - SnapKit
  - SnapKit (5.0.1)

DEPENDENCIES:
  - MessageModule (from `../`)

SPEC REPOS:
  https://github.com/CocoaPods/Specs.git:
    - SnapKit

EXTERNAL SOURCES:
  MessageModule:
    :path: "../"

SPEC CHECKSUMS:
  MessageModule: d78c364b4f97a2c5018c7318f918de0714ed7637
  SnapKit: 97b92857e3df3a0c71833cce143274bf6ef8e5eb

PODFILE CHECKSUM: 867ceedfb9e4c20667ffe5d572e8db54e137221e

COCOAPODS: 1.9.1
